
Microsoft Visual Studio Solution File, Format Version 12.00
# Visual Studio 15
VisualStudioVersion = 15.0.28010.2016
MinimumVisualStudioVersion = 10.0.40219.1
Project("{FAE04EC0-301F-11D3-BF4B-00C04F79EFBC}") = "DynamicStringConverter", "DynamicStringConverter\DynamicStringConverter.csproj", "{756AF447-3EB6-43AB-AEE3-7CBC018CD8A8}"
EndProject
Project("{FAE04EC0-301F-11D3-BF4B-00C04F79EFBC}") = "DynamicStringConverter.Tests", "DynamicStringConverter.Tests\DynamicStringConverter.Tests.csproj", "{15830E03-A6C0-4588-80EF-6CFD86B2E8E7}"
EndProject
Global
	GlobalSection(SolutionConfigurationPlatforms) = preSolution
		Debug|Any CPU = Debug|Any CPU
		Release|Any CPU = Release|Any CPU
	EndGlobalSection
	GlobalSection(ProjectConfigurationPlatforms) = postSolution
		{756AF447-3EB6-43AB-AEE3-7CBC018CD8A8}.Debug|Any CPU.ActiveCfg = Debug|Any CPU
		{756AF447-3EB6-43AB-AEE3-7CBC018CD8A8}.Debug|Any CPU.Build.0 = Debug|Any CPU
		{756AF447-3EB6-43AB-AEE3-7CBC018CD8A8}.Release|Any CPU.ActiveCfg = Release|Any CPU
		{756AF447-3EB6-43AB-AEE3-7CBC018CD8A8}.Release|Any CPU.Build.0 = Release|Any CPU
		{15830E03-A6C0-4588-80EF-6CFD86B2E8E7}.Debug|Any CPU.ActiveCfg = Debug|Any CPU
		{15830E03-A6C0-4588-80EF-6CFD86B2E8E7}.Debug|Any CPU.Build.0 = Debug|Any CPU
		{15830E03-A6C0-4588-80EF-6CFD86B2E8E7}.Release|Any CPU.ActiveCfg = Release|Any CPU
		{15830E03-A6C0-4588-80EF-6CFD86B2E8E7}.Release|Any CPU.Build.0 = Release|Any CPU
	EndGlobalSection
	GlobalSection(SolutionProperties) = preSolution
		HideSolutionNode = FALSE
	EndGlobalSection
	GlobalSection(ExtensibilityGlobals) = postSolution
		SolutionGuid = {C6C13808-C963-4392-A69E-76659F409F43}
	EndGlobalSection
EndGlobal
